
Microsoft Visual Studio Solution File, Format Version 12.00
# Visual Studio Version 17
VisualStudioVersion = 17.8.34309.116
MinimumVisualStudioVersion = 10.0.40219.1
Project("{9A19103F-16F7-4668-BE54-9A1E7A4F7556}") = "ChatWeb.API", "ChatWeb\ChatWeb.API.csproj", "{18E036FC-9CE3-4412-BBB0-FE125FA6CD54}"
EndProject
Project("{2150E333-8FDC-42A3-9474-1A3956D46DE8}") = "src", "src", "{237AE4FF-C4DB-4940-A923-44E287F163A4}"
EndProject
Project("{2150E333-8FDC-42A3-9474-1A3956D46DE8}") = "API", "API", "{641BAF2C-9B19-4C7C-A2FA-B826086FE694}"
EndProject
Project("{2150E333-8FDC-42A3-9474-1A3956D46DE8}") = "Core", "Core", "{7EEA0591-DEE1-43D6-AEB1-6106CE78F89C}"
EndProject
Project("{2150E333-8FDC-42A3-9474-1A3956D46DE8}") = "Infrastructure", "Infrastructure", "{8BD7F735-E045-4381-A2ED-88D2E4885F84}"
EndProject
Project("{9A19103F-16F7-4668-BE54-9A1E7A4F7556}") = "ChatWeb.Application", "ChatWeb.Application\ChatWeb.Application.csproj", "{87CDD7E0-8641-4D38-AB9E-EDE477357E65}"
EndProject
Project("{9A19103F-16F7-4668-BE54-9A1E7A4F7556}") = "ChatWeb.Domain", "ChatWeb.Domain\ChatWeb.Domain.csproj", "{B2000CAE-8A7A-4FA1-964F-37B6675CB968}"
EndProject
Project("{9A19103F-16F7-4668-BE54-9A1E7A4F7556}") = "ChatWeb.Infrastructure", "ChatWeb.Infrastructure\ChatWeb.Infrastructure.csproj", "{78C0FC5F-1C75-4E56-9894-22D1BE0A2474}"
EndProject
Project("{9A19103F-16F7-4668-BE54-9A1E7A4F7556}") = "ChatWeb.Presistence", "ChatWeb.Presistence\ChatWeb.Presistence.csproj", "{74902B7D-E201-4C34-B180-08656690053B}"
EndProject
Project("{2150E333-8FDC-42A3-9474-1A3956D46DE8}") = "tests", "tests", "{736C8BA7-BBA9-4767-B8FD-90964A0E116D}"
EndProject
Project("{FAE04EC0-301F-11D3-BF4B-00C04F79EFBC}") = "ChatWeb.Tests", "ChatWeb.Tests\ChatWeb.Tests.csproj", "{DB8D4DC2-FA9E-49DF-8DE2-B6C127C08DC2}"
EndProject
Global
	GlobalSection(SolutionConfigurationPlatforms) = preSolution
		Debug|Any CPU = Debug|Any CPU
		Release|Any CPU = Release|Any CPU
	EndGlobalSection
	GlobalSection(ProjectConfigurationPlatforms) = postSolution
		{18E036FC-9CE3-4412-BBB0-FE125FA6CD54}.Debug|Any CPU.ActiveCfg = Debug|Any CPU
		{18E036FC-9CE3-4412-BBB0-FE125FA6CD54}.Debug|Any CPU.Build.0 = Debug|Any CPU
		{18E036FC-9CE3-4412-BBB0-FE125FA6CD54}.Release|Any CPU.ActiveCfg = Release|Any CPU
		{18E036FC-9CE3-4412-BBB0-FE125FA6CD54}.Release|Any CPU.Build.0 = Release|Any CPU
		{87CDD7E0-8641-4D38-AB9E-EDE477357E65}.Debug|Any CPU.ActiveCfg = Debug|Any CPU
		{87CDD7E0-8641-4D38-AB9E-EDE477357E65}.Debug|Any CPU.Build.0 = Debug|Any CPU
		{87CDD7E0-8641-4D38-AB9E-EDE477357E65}.Release|Any CPU.ActiveCfg = Release|Any CPU
		{87CDD7E0-8641-4D38-AB9E-EDE477357E65}.Release|Any CPU.Build.0 = Release|Any CPU
		{B2000CAE-8A7A-4FA1-964F-37B6675CB968}.Debug|Any CPU.ActiveCfg = Debug|Any CPU
		{B2000CAE-8A7A-4FA1-964F-37B6675CB968}.Debug|Any CPU.Build.0 = Debug|Any CPU
		{B2000CAE-8A7A-4FA1-964F-37B6675CB968}.Release|Any CPU.ActiveCfg = Release|Any CPU
		{B2000CAE-8A7A-4FA1-964F-37B6675CB968}.Release|Any CPU.Build.0 = Release|Any CPU
		{78C0FC5F-1C75-4E56-9894-22D1BE0A2474}.Debug|Any CPU.ActiveCfg = Debug|Any CPU
		{78C0FC5F-1C75-4E56-9894-22D1BE0A2474}.Debug|Any CPU.Build.0 = Debug|Any CPU
		{78C0FC5F-1C75-4E56-9894-22D1BE0A2474}.Release|Any CPU.ActiveCfg = Release|Any CPU
		{78C0FC5F-1C75-4E56-9894-22D1BE0A2474}.Release|Any CPU.Build.0 = Release|Any CPU
		{74902B7D-E201-4C34-B180-08656690053B}.Debug|Any CPU.ActiveCfg = Debug|Any CPU
		{74902B7D-E201-4C34-B180-08656690053B}.Debug|Any CPU.Build.0 = Debug|Any CPU
		{74902B7D-E201-4C34-B180-08656690053B}.Release|Any CPU.ActiveCfg = Release|Any CPU
		{74902B7D-E201-4C34-B180-08656690053B}.Release|Any CPU.Build.0 = Release|Any CPU
		{DB8D4DC2-FA9E-49DF-8DE2-B6C127C08DC2}.Debug|Any CPU.ActiveCfg = Debug|Any CPU
		{DB8D4DC2-FA9E-49DF-8DE2-B6C127C08DC2}.Debug|Any CPU.Build.0 = Debug|Any CPU
		{DB8D4DC2-FA9E-49DF-8DE2-B6C127C08DC2}.Release|Any CPU.ActiveCfg = Release|Any CPU
		{DB8D4DC2-FA9E-49DF-8DE2-B6C127C08DC2}.Release|Any CPU.Build.0 = Release|Any CPU
	EndGlobalSection
	GlobalSection(SolutionProperties) = preSolution
		HideSolutionNode = FALSE
	EndGlobalSection
	GlobalSection(NestedProjects) = preSolution
		{18E036FC-9CE3-4412-BBB0-FE125FA6CD54} = {641BAF2C-9B19-4C7C-A2FA-B826086FE694}
		{641BAF2C-9B19-4C7C-A2FA-B826086FE694} = {237AE4FF-C4DB-4940-A923-44E287F163A4}
		{7EEA0591-DEE1-43D6-AEB1-6106CE78F89C} = {237AE4FF-C4DB-4940-A923-44E287F163A4}
		{8BD7F735-E045-4381-A2ED-88D2E4885F84} = {237AE4FF-C4DB-4940-A923-44E287F163A4}
		{87CDD7E0-8641-4D38-AB9E-EDE477357E65} = {7EEA0591-DEE1-43D6-AEB1-6106CE78F89C}
		{B2000CAE-8A7A-4FA1-964F-37B6675CB968} = {7EEA0591-DEE1-43D6-AEB1-6106CE78F89C}
		{78C0FC5F-1C75-4E56-9894-22D1BE0A2474} = {8BD7F735-E045-4381-A2ED-88D2E4885F84}
		{74902B7D-E201-4C34-B180-08656690053B} = {8BD7F735-E045-4381-A2ED-88D2E4885F84}
		{DB8D4DC2-FA9E-49DF-8DE2-B6C127C08DC2} = {736C8BA7-BBA9-4767-B8FD-90964A0E116D}
	EndGlobalSection
	GlobalSection(ExtensibilityGlobals) = postSolution
		SolutionGuid = {B1C51E73-0ECE-4D0B-90BD-4D7D75967D3C}
	EndGlobalSection
EndGlobal
