
Microsoft Visual Studio Solution File, Format Version 12.00
# Visual Studio Version 17
VisualStudioVersion = 17.8.34309.116
MinimumVisualStudioVersion = 10.0.40219.1
Project("{FAE04EC0-301F-11D3-BF4B-00C04F79EFBC}") = "ChatWeb", "ChatWeb\ChatWeb.csproj", "{18E036FC-9CE3-4412-BBB0-FE125FA6CD54}"
EndProject
Global
	GlobalSection(SolutionConfigurationPlatforms) = preSolution
		Debug|Any CPU = Debug|Any CPU
		Release|Any CPU = Release|Any CPU
	EndGlobalSection
	GlobalSection(ProjectConfigurationPlatforms) = postSolution
		{18E036FC-9CE3-4412-BBB0-FE125FA6CD54}.Debug|Any CPU.ActiveCfg = Debug|Any CPU
		{18E036FC-9CE3-4412-BBB0-FE125FA6CD54}.Debug|Any CPU.Build.0 = Debug|Any CPU
		{18E036FC-9CE3-4412-BBB0-FE125FA6CD54}.Release|Any CPU.ActiveCfg = Release|Any CPU
		{18E036FC-9CE3-4412-BBB0-FE125FA6CD54}.Release|Any CPU.Build.0 = Release|Any CPU
	EndGlobalSection
	GlobalSection(SolutionProperties) = preSolution
		HideSolutionNode = FALSE
	EndGlobalSection
	GlobalSection(ExtensibilityGlobals) = postSolution
		SolutionGuid = {B1C51E73-0ECE-4D0B-90BD-4D7D75967D3C}
	EndGlobalSection
EndGlobal
